
Microsoft Visual Studio Solution File, Format Version 12.00
# Visual Studio 14
VisualStudioVersion = 14.0.23107.0
MinimumVisualStudioVersion = 10.0.40219.1
Project("{FAE04EC0-301F-11D3-BF4B-00C04F79EFBC}") = "WindowsRuntimeResXSupport", "WindowsRuntimeResXSupport\WindowsRuntimeResXSupport.csproj", "{03F4DA89-F956-4AEF-A555-4D191EF41DA9}"
EndProject
Project("{FAE04EC0-301F-11D3-BF4B-00C04F79EFBC}") = "TestApp", "TestApp\TestApp.csproj", "{F5E42E9E-9916-4C67-8688-679B9F61189C}"
EndProject
Project("{D954291E-2A0B-460D-934E-DC6B0785DB48}") = "Shared", "Shared\Shared.shproj", "{FC8F9620-3923-4E20-9E31-CFF6A0067A81}"
EndProject
Global
	GlobalSection(SharedMSBuildProjectFiles) = preSolution
		Shared\Shared.projitems*{fc8f9620-3923-4e20-9e31-cff6a0067a81}*SharedItemsImports = 13
		Shared\Shared.projitems*{f5e42e9e-9916-4c67-8688-679b9f61189c}*SharedItemsImports = 4
	EndGlobalSection
	GlobalSection(SolutionConfigurationPlatforms) = preSolution
		Debug|Any CPU = Debug|Any CPU
		Debug|ARM = Debug|ARM
		Debug|x64 = Debug|x64
		Debug|x86 = Debug|x86
		Release|Any CPU = Release|Any CPU
		Release|ARM = Release|ARM
		Release|x64 = Release|x64
		Release|x86 = Release|x86
	EndGlobalSection
	GlobalSection(ProjectConfigurationPlatforms) = postSolution
		{03F4DA89-F956-4AEF-A555-4D191EF41DA9}.Debug|Any CPU.ActiveCfg = Debug|Any CPU
		{03F4DA89-F956-4AEF-A555-4D191EF41DA9}.Debug|Any CPU.Build.0 = Debug|Any CPU
		{03F4DA89-F956-4AEF-A555-4D191EF41DA9}.Debug|ARM.ActiveCfg = Debug|ARM
		{03F4DA89-F956-4AEF-A555-4D191EF41DA9}.Debug|ARM.Build.0 = Debug|ARM
		{03F4DA89-F956-4AEF-A555-4D191EF41DA9}.Debug|x64.ActiveCfg = Debug|x64
		{03F4DA89-F956-4AEF-A555-4D191EF41DA9}.Debug|x64.Build.0 = Debug|x64
		{03F4DA89-F956-4AEF-A555-4D191EF41DA9}.Debug|x86.ActiveCfg = Debug|x86
		{03F4DA89-F956-4AEF-A555-4D191EF41DA9}.Debug|x86.Build.0 = Debug|x86
		{03F4DA89-F956-4AEF-A555-4D191EF41DA9}.Release|Any CPU.ActiveCfg = Release|Any CPU
		{03F4DA89-F956-4AEF-A555-4D191EF41DA9}.Release|Any CPU.Build.0 = Release|Any CPU
		{03F4DA89-F956-4AEF-A555-4D191EF41DA9}.Release|ARM.ActiveCfg = Release|ARM
		{03F4DA89-F956-4AEF-A555-4D191EF41DA9}.Release|ARM.Build.0 = Release|ARM
		{03F4DA89-F956-4AEF-A555-4D191EF41DA9}.Release|x64.ActiveCfg = Release|x64
		{03F4DA89-F956-4AEF-A555-4D191EF41DA9}.Release|x64.Build.0 = Release|x64
		{03F4DA89-F956-4AEF-A555-4D191EF41DA9}.Release|x86.ActiveCfg = Release|x86
		{03F4DA89-F956-4AEF-A555-4D191EF41DA9}.Release|x86.Build.0 = Release|x86
		{F5E42E9E-9916-4C67-8688-679B9F61189C}.Debug|Any CPU.ActiveCfg = Debug|x86
		{F5E42E9E-9916-4C67-8688-679B9F61189C}.Debug|ARM.ActiveCfg = Debug|ARM
		{F5E42E9E-9916-4C67-8688-679B9F61189C}.Debug|ARM.Build.0 = Debug|ARM
		{F5E42E9E-9916-4C67-8688-679B9F61189C}.Debug|ARM.Deploy.0 = Debug|ARM
		{F5E42E9E-9916-4C67-8688-679B9F61189C}.Debug|x64.ActiveCfg = Debug|x64
		{F5E42E9E-9916-4C67-8688-679B9F61189C}.Debug|x64.Build.0 = Debug|x64
		{F5E42E9E-9916-4C67-8688-679B9F61189C}.Debug|x64.Deploy.0 = Debug|x64
		{F5E42E9E-9916-4C67-8688-679B9F61189C}.Debug|x86.ActiveCfg = Debug|x86
		{F5E42E9E-9916-4C67-8688-679B9F61189C}.Debug|x86.Build.0 = Debug|x86
		{F5E42E9E-9916-4C67-8688-679B9F61189C}.Debug|x86.Deploy.0 = Debug|x86
		{F5E42E9E-9916-4C67-8688-679B9F61189C}.Release|Any CPU.ActiveCfg = Release|x86
		{F5E42E9E-9916-4C67-8688-679B9F61189C}.Release|ARM.ActiveCfg = Release|ARM
		{F5E42E9E-9916-4C67-8688-679B9F61189C}.Release|ARM.Build.0 = Release|ARM
		{F5E42E9E-9916-4C67-8688-679B9F61189C}.Release|ARM.Deploy.0 = Release|ARM
		{F5E42E9E-9916-4C67-8688-679B9F61189C}.Release|x64.ActiveCfg = Release|x64
		{F5E42E9E-9916-4C67-8688-679B9F61189C}.Release|x64.Build.0 = Release|x64
		{F5E42E9E-9916-4C67-8688-679B9F61189C}.Release|x64.Deploy.0 = Release|x64
		{F5E42E9E-9916-4C67-8688-679B9F61189C}.Release|x86.ActiveCfg = Release|x86
		{F5E42E9E-9916-4C67-8688-679B9F61189C}.Release|x86.Build.0 = Release|x86
		{F5E42E9E-9916-4C67-8688-679B9F61189C}.Release|x86.Deploy.0 = Release|x86
	EndGlobalSection
	GlobalSection(SolutionProperties) = preSolution
		HideSolutionNode = FALSE
	EndGlobalSection
EndGlobal
